
Microsoft Visual Studio Solution File, Format Version 12.00
# Visual Studio Version 17
VisualStudioVersion = 17.9.34728.123
MinimumVisualStudioVersion = 10.0.40219.1
Project("{2150E333-8FDC-42A3-9474-1A3956D46DE8}") = "Services", "Services", "{111E19C6-C702-4E23-A606-F1B8F036EE33}"
EndProject
Project("{2150E333-8FDC-42A3-9474-1A3956D46DE8}") = "Catalog", "Catalog", "{078933AC-A9A0-46F9-B5C5-4064ED2FBC1C}"
EndProject
Project("{9A19103F-16F7-4668-BE54-9A1E7A4F7556}") = "Catalog.API", "Services\Catalog\Catalog.API\Catalog.API.csproj", "{CE58D558-D40E-4594-ADF6-F5A6F6089C8A}"
EndProject
Project("{2150E333-8FDC-42A3-9474-1A3956D46DE8}") = "BuildingBlocks", "BuildingBlocks", "{97A2AF09-91B4-4534-AAB7-9836B8A85E21}"
EndProject
Project("{9A19103F-16F7-4668-BE54-9A1E7A4F7556}") = "BuildingBlocks", "BuildingBlocks\BuildingBlocks\BuildingBlocks.csproj", "{9FA1F221-BAD9-45C1-B101-33A4045BF4A8}"
EndProject
Project("{E53339B2-1760-4266-BCC7-CA923CBCF16C}") = "docker-compose", "docker-compose.dcproj", "{359FC8A3-4865-4DCE-8312-C5B896280588}"
EndProject
Project("{2150E333-8FDC-42A3-9474-1A3956D46DE8}") = "Basket", "Basket", "{4ED5F5F6-8534-463A-90F1-759E859C8984}"
EndProject
Project("{9A19103F-16F7-4668-BE54-9A1E7A4F7556}") = "Basket.API", "Services\Basket\Basket.API\Basket.API.csproj", "{CEDBBB18-D018-48BA-930C-725ED18CB451}"
EndProject
Project("{2150E333-8FDC-42A3-9474-1A3956D46DE8}") = "Discount", "Discount", "{7BE66AA0-ED19-49E9-97A2-4D06928FC334}"
EndProject
Project("{9A19103F-16F7-4668-BE54-9A1E7A4F7556}") = "Discount.Grpc", "Services\Discount\Discount.Grpc\Discount.Grpc.csproj", "{241C1776-31EB-4EF0-9DE1-E689EED1BD8E}"
EndProject
Project("{2150E333-8FDC-42A3-9474-1A3956D46DE8}") = "Ordering", "Ordering", "{04C1D5D5-6BBB-4459-BD6E-2277C6066AA1}"
EndProject
Project("{9A19103F-16F7-4668-BE54-9A1E7A4F7556}") = "Ordering.API", "Services\Ordering\Ordering.Api\Ordering.API.csproj", "{62545910-2A49-4D52-BE85-D4AE44293DD0}"
EndProject
Project("{9A19103F-16F7-4668-BE54-9A1E7A4F7556}") = "Ordering.Domain", "Services\Ordering\Ordering.Domain\Ordering.Domain.csproj", "{8D58E456-1435-46B6-A075-BCFCB14788B8}"
EndProject
Project("{9A19103F-16F7-4668-BE54-9A1E7A4F7556}") = "Ordering.Application", "Services\Ordering\Ordering.Application\Ordering.Application.csproj", "{82EC3281-0F88-4BE0-9984-CCF4B4DE1B6D}"
EndProject
Project("{9A19103F-16F7-4668-BE54-9A1E7A4F7556}") = "Ordering.Infrastructure", "Services\Ordering\Ordering.Infrastructure\Ordering.Infrastructure.csproj", "{1CAF0B1B-96D3-4064-9200-8CE4A114E06E}"
EndProject
Project("{FAE04EC0-301F-11D3-BF4B-00C04F79EFBC}") = "BuildingBlocks.Messaging", "BuildingBlocks\BuildingBlocks.Messaaging\BuildingBlocks.Messaging.csproj", "{5136C1DC-650B-4AB1-AFE4-A0849919E90F}"
EndProject
Global
	GlobalSection(SolutionConfigurationPlatforms) = preSolution
		Debug|Any CPU = Debug|Any CPU
		Release|Any CPU = Release|Any CPU
	EndGlobalSection
	GlobalSection(ProjectConfigurationPlatforms) = postSolution
		{CE58D558-D40E-4594-ADF6-F5A6F6089C8A}.Debug|Any CPU.ActiveCfg = Debug|Any CPU
		{CE58D558-D40E-4594-ADF6-F5A6F6089C8A}.Debug|Any CPU.Build.0 = Debug|Any CPU
		{CE58D558-D40E-4594-ADF6-F5A6F6089C8A}.Release|Any CPU.ActiveCfg = Release|Any CPU
		{CE58D558-D40E-4594-ADF6-F5A6F6089C8A}.Release|Any CPU.Build.0 = Release|Any CPU
		{9FA1F221-BAD9-45C1-B101-33A4045BF4A8}.Debug|Any CPU.ActiveCfg = Debug|Any CPU
		{9FA1F221-BAD9-45C1-B101-33A4045BF4A8}.Debug|Any CPU.Build.0 = Debug|Any CPU
		{9FA1F221-BAD9-45C1-B101-33A4045BF4A8}.Release|Any CPU.ActiveCfg = Release|Any CPU
		{9FA1F221-BAD9-45C1-B101-33A4045BF4A8}.Release|Any CPU.Build.0 = Release|Any CPU
		{359FC8A3-4865-4DCE-8312-C5B896280588}.Debug|Any CPU.ActiveCfg = Debug|Any CPU
		{359FC8A3-4865-4DCE-8312-C5B896280588}.Debug|Any CPU.Build.0 = Debug|Any CPU
		{359FC8A3-4865-4DCE-8312-C5B896280588}.Release|Any CPU.ActiveCfg = Release|Any CPU
		{359FC8A3-4865-4DCE-8312-C5B896280588}.Release|Any CPU.Build.0 = Release|Any CPU
		{CEDBBB18-D018-48BA-930C-725ED18CB451}.Debug|Any CPU.ActiveCfg = Debug|Any CPU
		{CEDBBB18-D018-48BA-930C-725ED18CB451}.Debug|Any CPU.Build.0 = Debug|Any CPU
		{CEDBBB18-D018-48BA-930C-725ED18CB451}.Release|Any CPU.ActiveCfg = Release|Any CPU
		{CEDBBB18-D018-48BA-930C-725ED18CB451}.Release|Any CPU.Build.0 = Release|Any CPU
		{241C1776-31EB-4EF0-9DE1-E689EED1BD8E}.Debug|Any CPU.ActiveCfg = Debug|Any CPU
		{241C1776-31EB-4EF0-9DE1-E689EED1BD8E}.Debug|Any CPU.Build.0 = Debug|Any CPU
		{241C1776-31EB-4EF0-9DE1-E689EED1BD8E}.Release|Any CPU.ActiveCfg = Release|Any CPU
		{241C1776-31EB-4EF0-9DE1-E689EED1BD8E}.Release|Any CPU.Build.0 = Release|Any CPU
		{62545910-2A49-4D52-BE85-D4AE44293DD0}.Debug|Any CPU.ActiveCfg = Debug|Any CPU
		{62545910-2A49-4D52-BE85-D4AE44293DD0}.Debug|Any CPU.Build.0 = Debug|Any CPU
		{62545910-2A49-4D52-BE85-D4AE44293DD0}.Release|Any CPU.ActiveCfg = Release|Any CPU
		{62545910-2A49-4D52-BE85-D4AE44293DD0}.Release|Any CPU.Build.0 = Release|Any CPU
		{8D58E456-1435-46B6-A075-BCFCB14788B8}.Debug|Any CPU.ActiveCfg = Debug|Any CPU
		{8D58E456-1435-46B6-A075-BCFCB14788B8}.Debug|Any CPU.Build.0 = Debug|Any CPU
		{8D58E456-1435-46B6-A075-BCFCB14788B8}.Release|Any CPU.ActiveCfg = Release|Any CPU
		{8D58E456-1435-46B6-A075-BCFCB14788B8}.Release|Any CPU.Build.0 = Release|Any CPU
		{82EC3281-0F88-4BE0-9984-CCF4B4DE1B6D}.Debug|Any CPU.ActiveCfg = Debug|Any CPU
		{82EC3281-0F88-4BE0-9984-CCF4B4DE1B6D}.Debug|Any CPU.Build.0 = Debug|Any CPU
		{82EC3281-0F88-4BE0-9984-CCF4B4DE1B6D}.Release|Any CPU.ActiveCfg = Release|Any CPU
		{82EC3281-0F88-4BE0-9984-CCF4B4DE1B6D}.Release|Any CPU.Build.0 = Release|Any CPU
		{1CAF0B1B-96D3-4064-9200-8CE4A114E06E}.Debug|Any CPU.ActiveCfg = Debug|Any CPU
		{1CAF0B1B-96D3-4064-9200-8CE4A114E06E}.Debug|Any CPU.Build.0 = Debug|Any CPU
		{1CAF0B1B-96D3-4064-9200-8CE4A114E06E}.Release|Any CPU.ActiveCfg = Release|Any CPU
		{1CAF0B1B-96D3-4064-9200-8CE4A114E06E}.Release|Any CPU.Build.0 = Release|Any CPU
		{5136C1DC-650B-4AB1-AFE4-A0849919E90F}.Debug|Any CPU.ActiveCfg = Debug|Any CPU
		{5136C1DC-650B-4AB1-AFE4-A0849919E90F}.Debug|Any CPU.Build.0 = Debug|Any CPU
		{5136C1DC-650B-4AB1-AFE4-A0849919E90F}.Release|Any CPU.ActiveCfg = Release|Any CPU
		{5136C1DC-650B-4AB1-AFE4-A0849919E90F}.Release|Any CPU.Build.0 = Release|Any CPU
	EndGlobalSection
	GlobalSection(SolutionProperties) = preSolution
		HideSolutionNode = FALSE
	EndGlobalSection
	GlobalSection(NestedProjects) = preSolution
		{078933AC-A9A0-46F9-B5C5-4064ED2FBC1C} = {111E19C6-C702-4E23-A606-F1B8F036EE33}
		{CE58D558-D40E-4594-ADF6-F5A6F6089C8A} = {078933AC-A9A0-46F9-B5C5-4064ED2FBC1C}
		{9FA1F221-BAD9-45C1-B101-33A4045BF4A8} = {97A2AF09-91B4-4534-AAB7-9836B8A85E21}
		{4ED5F5F6-8534-463A-90F1-759E859C8984} = {111E19C6-C702-4E23-A606-F1B8F036EE33}
		{CEDBBB18-D018-48BA-930C-725ED18CB451} = {4ED5F5F6-8534-463A-90F1-759E859C8984}
		{7BE66AA0-ED19-49E9-97A2-4D06928FC334} = {111E19C6-C702-4E23-A606-F1B8F036EE33}
		{241C1776-31EB-4EF0-9DE1-E689EED1BD8E} = {7BE66AA0-ED19-49E9-97A2-4D06928FC334}
		{04C1D5D5-6BBB-4459-BD6E-2277C6066AA1} = {111E19C6-C702-4E23-A606-F1B8F036EE33}
		{62545910-2A49-4D52-BE85-D4AE44293DD0} = {04C1D5D5-6BBB-4459-BD6E-2277C6066AA1}
		{8D58E456-1435-46B6-A075-BCFCB14788B8} = {04C1D5D5-6BBB-4459-BD6E-2277C6066AA1}
		{82EC3281-0F88-4BE0-9984-CCF4B4DE1B6D} = {04C1D5D5-6BBB-4459-BD6E-2277C6066AA1}
		{1CAF0B1B-96D3-4064-9200-8CE4A114E06E} = {04C1D5D5-6BBB-4459-BD6E-2277C6066AA1}
		{5136C1DC-650B-4AB1-AFE4-A0849919E90F} = {97A2AF09-91B4-4534-AAB7-9836B8A85E21}
	EndGlobalSection
	GlobalSection(ExtensibilityGlobals) = postSolution
		SolutionGuid = {33B1CD94-C7D5-442B-B4B9-93FBE09F9DE2}
	EndGlobalSection
EndGlobal
